
Microsoft Visual Studio Solution File, Format Version 12.00
# Visual Studio Version 16
VisualStudioVersion = 16.0.31613.86
MinimumVisualStudioVersion = 10.0.40219.1
Project("{2150E333-8FDC-42A3-9474-1A3956D46DE8}") = "Services", "Services", "{32119D21-9CFC-49F4-90F0-B976C1980431}"
EndProject
Project("{2150E333-8FDC-42A3-9474-1A3956D46DE8}") = "Catalog", "Catalog", "{EFF56276-8772-4519-AAE0-3921303FB13F}"
EndProject
Project("{9A19103F-16F7-4668-BE54-9A1E7A4F7556}") = "Catalog.API", "Services\Catalog\Catalog.API\Catalog.API.csproj", "{2B6EE54A-B148-433E-A1B8-A00B5DD069D7}"
EndProject
Project("{E53339B2-1760-4266-BCC7-CA923CBCF16C}") = "docker-compose", "docker-compose.dcproj", "{6720E84A-8616-4BC0-B5C0-F95C6CB5E1FD}"
EndProject
Project("{2150E333-8FDC-42A3-9474-1A3956D46DE8}") = "Basket", "Basket", "{C528A8E5-E959-4728-82A1-0EAFCC6FEBE2}"
EndProject
Project("{9A19103F-16F7-4668-BE54-9A1E7A4F7556}") = "Basket.API", "Services\Basket\Basket.API\Basket.API.csproj", "{7327319F-9CE7-481A-812E-2012A5FAA590}"
EndProject
Project("{2150E333-8FDC-42A3-9474-1A3956D46DE8}") = "Discount", "Discount", "{EC9B70FC-4A03-40B2-8BDA-BC0222BDB31E}"
EndProject
Project("{9A19103F-16F7-4668-BE54-9A1E7A4F7556}") = "Discount.API", "Services\Discount\Discount.API\Discount.API.csproj", "{7055F905-3F9F-489D-9FA5-D36B7FEEE895}"
EndProject
Project("{9A19103F-16F7-4668-BE54-9A1E7A4F7556}") = "Discount.Grpc", "Services\Discount\Discount.Grpc\Discount.Grpc.csproj", "{D5F986E5-B6EA-42D7-A563-6F1913CE03E3}"
EndProject
Project("{2150E333-8FDC-42A3-9474-1A3956D46DE8}") = "Ordering", "Ordering", "{FF921B6A-5D00-4758-86B1-CF8198EEBF18}"
EndProject
Project("{9A19103F-16F7-4668-BE54-9A1E7A4F7556}") = "Ordering.API", "Services\Ordering\Ordering.API\Ordering.API.csproj", "{A10490CE-FAB6-4004-87EA-1A91EFB44F06}"
EndProject
Project("{9A19103F-16F7-4668-BE54-9A1E7A4F7556}") = "Ordering.Domain", "Services\Ordering\Ordering.Domain\Ordering.Domain.csproj", "{4260F185-9C8A-4688-9B0A-238B2AF077CD}"
EndProject
Project("{9A19103F-16F7-4668-BE54-9A1E7A4F7556}") = "Ordering.Application", "Services\Ordering\Ordering.Application\Ordering.Application.csproj", "{A32EAB3F-30E3-4AF6-AB2B-5E4BF0C540B2}"
EndProject
Project("{9A19103F-16F7-4668-BE54-9A1E7A4F7556}") = "Ordering.Infrastructure", "Services\Ordering\Ordering.Infrastructure\Ordering.Infrastructure.csproj", "{B5A10901-3E6E-42A5-9880-DB21C5DC26F7}"
EndProject
Project("{2150E333-8FDC-42A3-9474-1A3956D46DE8}") = "BuildingBlocks", "BuildingBlocks", "{69D9FEED-175D-4088-8420-F435147D2351}"
EndProject
Project("{9A19103F-16F7-4668-BE54-9A1E7A4F7556}") = "EventBus.Messages", "BuildingBlocks\EventBus.Messages\EventBus.Messages.csproj", "{63E4B16A-4994-46A7-84BA-2B2DFBB8A201}"
EndProject
Project("{2150E333-8FDC-42A3-9474-1A3956D46DE8}") = "ApiGateways", "ApiGateways", "{2FCA5223-5FF6-4E93-B576-4A3D78B7F3B2}"
EndProject
Project("{9A19103F-16F7-4668-BE54-9A1E7A4F7556}") = "OcelotApiGw", "ApiGateways\OcelotApiGw\OcelotApiGw.csproj", "{A2D591EB-731B-4F6A-8032-32A1680B012C}"
EndProject
Project("{9A19103F-16F7-4668-BE54-9A1E7A4F7556}") = "Shopping.Aggregator", "ApiGateways\Shopping.Aggregator\Shopping.Aggregator.csproj", "{FD2E8FBF-C1FA-4D6B-8C6C-4886752F4B2A}"
EndProject
Project("{2150E333-8FDC-42A3-9474-1A3956D46DE8}") = "WebApps", "WebApps", "{15159258-D69E-439D-8F02-812EF2892C5E}"
EndProject
Project("{9A19103F-16F7-4668-BE54-9A1E7A4F7556}") = "AspnetRunBasics", "WebApps\AspnetRunBasics\AspnetRunBasics.csproj", "{061AB49D-AAAB-4ACB-A230-B21BC03D52B9}"
EndProject
Global
	GlobalSection(SolutionConfigurationPlatforms) = preSolution
		Debug|Any CPU = Debug|Any CPU
		Release|Any CPU = Release|Any CPU
	EndGlobalSection
	GlobalSection(ProjectConfigurationPlatforms) = postSolution
		{2B6EE54A-B148-433E-A1B8-A00B5DD069D7}.Debug|Any CPU.ActiveCfg = Debug|Any CPU
		{2B6EE54A-B148-433E-A1B8-A00B5DD069D7}.Debug|Any CPU.Build.0 = Debug|Any CPU
		{2B6EE54A-B148-433E-A1B8-A00B5DD069D7}.Release|Any CPU.ActiveCfg = Release|Any CPU
		{2B6EE54A-B148-433E-A1B8-A00B5DD069D7}.Release|Any CPU.Build.0 = Release|Any CPU
		{6720E84A-8616-4BC0-B5C0-F95C6CB5E1FD}.Debug|Any CPU.ActiveCfg = Debug|Any CPU
		{6720E84A-8616-4BC0-B5C0-F95C6CB5E1FD}.Debug|Any CPU.Build.0 = Debug|Any CPU
		{6720E84A-8616-4BC0-B5C0-F95C6CB5E1FD}.Release|Any CPU.ActiveCfg = Release|Any CPU
		{6720E84A-8616-4BC0-B5C0-F95C6CB5E1FD}.Release|Any CPU.Build.0 = Release|Any CPU
		{7327319F-9CE7-481A-812E-2012A5FAA590}.Debug|Any CPU.ActiveCfg = Debug|Any CPU
		{7327319F-9CE7-481A-812E-2012A5FAA590}.Debug|Any CPU.Build.0 = Debug|Any CPU
		{7327319F-9CE7-481A-812E-2012A5FAA590}.Release|Any CPU.ActiveCfg = Release|Any CPU
		{7327319F-9CE7-481A-812E-2012A5FAA590}.Release|Any CPU.Build.0 = Release|Any CPU
		{7055F905-3F9F-489D-9FA5-D36B7FEEE895}.Debug|Any CPU.ActiveCfg = Debug|Any CPU
		{7055F905-3F9F-489D-9FA5-D36B7FEEE895}.Debug|Any CPU.Build.0 = Debug|Any CPU
		{7055F905-3F9F-489D-9FA5-D36B7FEEE895}.Release|Any CPU.ActiveCfg = Release|Any CPU
		{7055F905-3F9F-489D-9FA5-D36B7FEEE895}.Release|Any CPU.Build.0 = Release|Any CPU
		{D5F986E5-B6EA-42D7-A563-6F1913CE03E3}.Debug|Any CPU.ActiveCfg = Debug|Any CPU
		{D5F986E5-B6EA-42D7-A563-6F1913CE03E3}.Debug|Any CPU.Build.0 = Debug|Any CPU
		{D5F986E5-B6EA-42D7-A563-6F1913CE03E3}.Release|Any CPU.ActiveCfg = Release|Any CPU
		{D5F986E5-B6EA-42D7-A563-6F1913CE03E3}.Release|Any CPU.Build.0 = Release|Any CPU
		{A10490CE-FAB6-4004-87EA-1A91EFB44F06}.Debug|Any CPU.ActiveCfg = Debug|Any CPU
		{A10490CE-FAB6-4004-87EA-1A91EFB44F06}.Debug|Any CPU.Build.0 = Debug|Any CPU
		{A10490CE-FAB6-4004-87EA-1A91EFB44F06}.Release|Any CPU.ActiveCfg = Release|Any CPU
		{A10490CE-FAB6-4004-87EA-1A91EFB44F06}.Release|Any CPU.Build.0 = Release|Any CPU
		{4260F185-9C8A-4688-9B0A-238B2AF077CD}.Debug|Any CPU.ActiveCfg = Debug|Any CPU
		{4260F185-9C8A-4688-9B0A-238B2AF077CD}.Debug|Any CPU.Build.0 = Debug|Any CPU
		{4260F185-9C8A-4688-9B0A-238B2AF077CD}.Release|Any CPU.ActiveCfg = Release|Any CPU
		{4260F185-9C8A-4688-9B0A-238B2AF077CD}.Release|Any CPU.Build.0 = Release|Any CPU
		{A32EAB3F-30E3-4AF6-AB2B-5E4BF0C540B2}.Debug|Any CPU.ActiveCfg = Debug|Any CPU
		{A32EAB3F-30E3-4AF6-AB2B-5E4BF0C540B2}.Debug|Any CPU.Build.0 = Debug|Any CPU
		{A32EAB3F-30E3-4AF6-AB2B-5E4BF0C540B2}.Release|Any CPU.ActiveCfg = Release|Any CPU
		{A32EAB3F-30E3-4AF6-AB2B-5E4BF0C540B2}.Release|Any CPU.Build.0 = Release|Any CPU
		{B5A10901-3E6E-42A5-9880-DB21C5DC26F7}.Debug|Any CPU.ActiveCfg = Debug|Any CPU
		{B5A10901-3E6E-42A5-9880-DB21C5DC26F7}.Debug|Any CPU.Build.0 = Debug|Any CPU
		{B5A10901-3E6E-42A5-9880-DB21C5DC26F7}.Release|Any CPU.ActiveCfg = Release|Any CPU
		{B5A10901-3E6E-42A5-9880-DB21C5DC26F7}.Release|Any CPU.Build.0 = Release|Any CPU
		{63E4B16A-4994-46A7-84BA-2B2DFBB8A201}.Debug|Any CPU.ActiveCfg = Debug|Any CPU
		{63E4B16A-4994-46A7-84BA-2B2DFBB8A201}.Debug|Any CPU.Build.0 = Debug|Any CPU
		{63E4B16A-4994-46A7-84BA-2B2DFBB8A201}.Release|Any CPU.ActiveCfg = Release|Any CPU
		{63E4B16A-4994-46A7-84BA-2B2DFBB8A201}.Release|Any CPU.Build.0 = Release|Any CPU
		{A2D591EB-731B-4F6A-8032-32A1680B012C}.Debug|Any CPU.ActiveCfg = Debug|Any CPU
		{A2D591EB-731B-4F6A-8032-32A1680B012C}.Debug|Any CPU.Build.0 = Debug|Any CPU
		{A2D591EB-731B-4F6A-8032-32A1680B012C}.Release|Any CPU.ActiveCfg = Release|Any CPU
		{A2D591EB-731B-4F6A-8032-32A1680B012C}.Release|Any CPU.Build.0 = Release|Any CPU
		{FD2E8FBF-C1FA-4D6B-8C6C-4886752F4B2A}.Debug|Any CPU.ActiveCfg = Debug|Any CPU
		{FD2E8FBF-C1FA-4D6B-8C6C-4886752F4B2A}.Debug|Any CPU.Build.0 = Debug|Any CPU
		{FD2E8FBF-C1FA-4D6B-8C6C-4886752F4B2A}.Release|Any CPU.ActiveCfg = Release|Any CPU
		{FD2E8FBF-C1FA-4D6B-8C6C-4886752F4B2A}.Release|Any CPU.Build.0 = Release|Any CPU
		{061AB49D-AAAB-4ACB-A230-B21BC03D52B9}.Debug|Any CPU.ActiveCfg = Debug|Any CPU
		{061AB49D-AAAB-4ACB-A230-B21BC03D52B9}.Debug|Any CPU.Build.0 = Debug|Any CPU
		{061AB49D-AAAB-4ACB-A230-B21BC03D52B9}.Release|Any CPU.ActiveCfg = Release|Any CPU
		{061AB49D-AAAB-4ACB-A230-B21BC03D52B9}.Release|Any CPU.Build.0 = Release|Any CPU
	EndGlobalSection
	GlobalSection(SolutionProperties) = preSolution
		HideSolutionNode = FALSE
	EndGlobalSection
	GlobalSection(NestedProjects) = preSolution
		{EFF56276-8772-4519-AAE0-3921303FB13F} = {32119D21-9CFC-49F4-90F0-B976C1980431}
		{2B6EE54A-B148-433E-A1B8-A00B5DD069D7} = {EFF56276-8772-4519-AAE0-3921303FB13F}
		{C528A8E5-E959-4728-82A1-0EAFCC6FEBE2} = {32119D21-9CFC-49F4-90F0-B976C1980431}
		{7327319F-9CE7-481A-812E-2012A5FAA590} = {C528A8E5-E959-4728-82A1-0EAFCC6FEBE2}
		{EC9B70FC-4A03-40B2-8BDA-BC0222BDB31E} = {32119D21-9CFC-49F4-90F0-B976C1980431}
		{7055F905-3F9F-489D-9FA5-D36B7FEEE895} = {EC9B70FC-4A03-40B2-8BDA-BC0222BDB31E}
		{D5F986E5-B6EA-42D7-A563-6F1913CE03E3} = {EC9B70FC-4A03-40B2-8BDA-BC0222BDB31E}
		{FF921B6A-5D00-4758-86B1-CF8198EEBF18} = {32119D21-9CFC-49F4-90F0-B976C1980431}
		{A10490CE-FAB6-4004-87EA-1A91EFB44F06} = {FF921B6A-5D00-4758-86B1-CF8198EEBF18}
		{4260F185-9C8A-4688-9B0A-238B2AF077CD} = {FF921B6A-5D00-4758-86B1-CF8198EEBF18}
		{A32EAB3F-30E3-4AF6-AB2B-5E4BF0C540B2} = {FF921B6A-5D00-4758-86B1-CF8198EEBF18}
		{B5A10901-3E6E-42A5-9880-DB21C5DC26F7} = {FF921B6A-5D00-4758-86B1-CF8198EEBF18}
		{63E4B16A-4994-46A7-84BA-2B2DFBB8A201} = {69D9FEED-175D-4088-8420-F435147D2351}
		{A2D591EB-731B-4F6A-8032-32A1680B012C} = {2FCA5223-5FF6-4E93-B576-4A3D78B7F3B2}
		{FD2E8FBF-C1FA-4D6B-8C6C-4886752F4B2A} = {2FCA5223-5FF6-4E93-B576-4A3D78B7F3B2}
		{061AB49D-AAAB-4ACB-A230-B21BC03D52B9} = {15159258-D69E-439D-8F02-812EF2892C5E}
	EndGlobalSection
	GlobalSection(ExtensibilityGlobals) = postSolution
		SolutionGuid = {7530A979-076E-4519-897A-249B002BCBA3}
	EndGlobalSection
EndGlobal
